
Microsoft Visual Studio Solution File, Format Version 12.00
# Visual Studio 2012
Project("{FAE04EC0-301F-11D3-BF4B-00C04F79EFBC}") = "UbJsonSharp", "UbJsonSharp\UbJsonSharp.csproj", "{1D2592D3-EA0A-419A-BDA0-F56DABE0424B}"
EndProject
Project("{FAE04EC0-301F-11D3-BF4B-00C04F79EFBC}") = "UbJsonSharpTests", "UbJsonSharpTests\UbJsonSharpTests.csproj", "{739173B5-64B2-4CBF-84A6-D065D6F01145}"
EndProject
Global
	GlobalSection(SolutionConfigurationPlatforms) = preSolution
		Debug|Any CPU = Debug|Any CPU
		Release|Any CPU = Release|Any CPU
	EndGlobalSection
	GlobalSection(ProjectConfigurationPlatforms) = postSolution
		{1D2592D3-EA0A-419A-BDA0-F56DABE0424B}.Debug|Any CPU.ActiveCfg = Debug|Any CPU
		{1D2592D3-EA0A-419A-BDA0-F56DABE0424B}.Debug|Any CPU.Build.0 = Debug|Any CPU
		{1D2592D3-EA0A-419A-BDA0-F56DABE0424B}.Release|Any CPU.ActiveCfg = Release|Any CPU
		{1D2592D3-EA0A-419A-BDA0-F56DABE0424B}.Release|Any CPU.Build.0 = Release|Any CPU
		{739173B5-64B2-4CBF-84A6-D065D6F01145}.Debug|Any CPU.ActiveCfg = Debug|Any CPU
		{739173B5-64B2-4CBF-84A6-D065D6F01145}.Debug|Any CPU.Build.0 = Debug|Any CPU
		{739173B5-64B2-4CBF-84A6-D065D6F01145}.Release|Any CPU.ActiveCfg = Release|Any CPU
		{739173B5-64B2-4CBF-84A6-D065D6F01145}.Release|Any CPU.Build.0 = Release|Any CPU
	EndGlobalSection
	GlobalSection(SolutionProperties) = preSolution
		HideSolutionNode = FALSE
	EndGlobalSection
EndGlobal
